{
  "name": "@personnummer/api",
  "version": "1.0.0",
  "lockfileVersion": 1,
  "requires": true,
  "dependencies": {
    "personnummer": {
      "version": "3.1.4",
      "resolved": "https://registry.npmjs.org/personnummer/-/personnummer-3.1.4.tgz",
      "integrity": "sha512-Bhc3dosCqMlUuAVxKzHeGGClbhGuBCE5OCAkomf2edraStsrGQlQmq0rla4kVR4a1D0G/HEJCE829lP/LJjd/g=="
    }
  }
}
