{
  "name": "@personnummer/api",
  "version": "1.0.0",
  "lockfileVersion": 1,
  "requires": true,
  "dependencies": {
    "personnummer": {
      "version": "3.1.1",
      "resolved": "https://registry.npmjs.org/personnummer/-/personnummer-3.1.1.tgz",
      "integrity": "sha512-KyL2+CmVStp49m3EWW1iQq7xdan1jheajRDIxrrw8Ia2ztHQbzizr+/GY3LJi/Ru979w5+/5CNPLIMWeKjRxKg=="
    }
  }
}
