{
  "name": "@personnummer/api",
  "version": "1.0.0",
  "lockfileVersion": 1,
  "requires": true,
  "dependencies": {
    "personnummer": {
      "version": "3.1.3",
      "resolved": "https://registry.npmjs.org/personnummer/-/personnummer-3.1.3.tgz",
      "integrity": "sha512-vKMIB4Y8vFWiEOIdnaC71Na6KCI6BZnKp0yP6OxcULspieQ5hjWOBUIK8TxO8XEsVzOJo10KoY8VNRxXe8ayvQ=="
    }
  }
}
